// !$*UTF8*$!
{
	archiveVersion = 1;
	classes = {
	};
	objectVersion = 46;
	objects = {

/* Begin PBXBuildFile section */
		2190D9C31D09F289007525C4 /* main.m in Sources */ = {isa = PBXBuildFile; fileRef = 2190D9C21D09F289007525C4 /* main.m */; };
		2190D9C61D09F289007525C4 /* AppDelegate.m in Sources */ = {isa = PBXBuildFile; fileRef = 2190D9C51D09F289007525C4 /* AppDelegate.m */; };
		2190D9C91D09F289007525C4 /* ViewController.m in Sources */ = {isa = PBXBuildFile; fileRef = 2190D9C81D09F289007525C4 /* ViewController.m */; };
		2190D9DB1D09F3FA007525C4 /* inject0rSettings.plist in Resources */ = {isa = PBXBuildFile; fileRef = 2190D9DA1D09F3FA007525C4 /* inject0rSettings.plist */; };
/* End PBXBuildFile section */

/* Begin PBXFileReference section */
		2190D9BE1D09F289007525C4 /* TweakInject0r.app */ = {isa = PBXFileReference; explicitFileType = wrapper.application; includeInIndex = 0; path = TweakInject0r.app; sourceTree = BUILT_PRODUCTS_DIR; };
		2190D9C21D09F289007525C4 /* main.m */ = {isa = PBXFileReference; lastKnownFileType = sourcecode.c.objc; path = main.m; sourceTree = "<group>"; };
		2190D9C41D09F289007525C4 /* AppDelegate.h */ = {isa = PBXFileReference; lastKnownFileType = sourcecode.c.h; name = AppDelegate.h; path = TweakInject0r/AppDelegate.h; sourceTree = "<group>"; };
		2190D9C51D09F289007525C4 /* AppDelegate.m */ = {isa = PBXFileReference; lastKnownFileType = sourcecode.c.objc; name = AppDelegate.m; path = TweakInject0r/AppDelegate.m; sourceTree = "<group>"; };
		2190D9C71D09F289007525C4 /* ViewController.h */ = {isa = PBXFileReference; lastKnownFileType = sourcecode.c.h; name = ViewController.h; path = TweakInject0r/ViewController.h; sourceTree = "<group>"; };
		2190D9C81D09F289007525C4 /* ViewController.m */ = {isa = PBXFileReference; lastKnownFileType = sourcecode.c.objc; name = ViewController.m; path = TweakInject0r/ViewController.m; sourceTree = "<group>"; };
		2190D9D21D09F289007525C4 /* Info.plist */ = {isa = PBXFileReference; lastKnownFileType = text.plist.xml; path = Info.plist; sourceTree = "<group>"; };
		2190D9D91D09F34D007525C4 /* inject0r */ = {isa = PBXFileReference; explicitFileType = text.script.sh; path = inject0r; sourceTree = "<group>"; };
		2190D9DA1D09F3FA007525C4 /* inject0rSettings.plist */ = {isa = PBXFileReference; fileEncoding = 4; lastKnownFileType = text.plist.xml; path = inject0rSettings.plist; sourceTree = "<group>"; };
		2190D9DC1D09F43B007525C4 /* TweakInject0r.entitlements */ = {isa = PBXFileReference; lastKnownFileType = text.xml; path = TweakInject0r.entitlements; sourceTree = "<group>"; };
/* End PBXFileReference section */

/* Begin PBXFrameworksBuildPhase section */
		2190D9BB1D09F289007525C4 /* Frameworks */ = {
			isa = PBXFrameworksBuildPhase;
			buildActionMask = 2147483647;
			files = (
			);
			runOnlyForDeploymentPostprocessing = 0;
		};
/* End PBXFrameworksBuildPhase section */

/* Begin PBXGroup section */
		2190D9B51D09F289007525C4 = {
			isa = PBXGroup;
			children = (
				2190D9D81D09F2B9007525C4 /* Classes */,
				2190D9C01D09F289007525C4 /* TweakInject0r */,
				2190D9BF1D09F289007525C4 /* Products */,
			);
			sourceTree = "<group>";
		};
		2190D9BF1D09F289007525C4 /* Products */ = {
			isa = PBXGroup;
			children = (
				2190D9BE1D09F289007525C4 /* TweakInject0r.app */,
			);
			name = Products;
			sourceTree = "<group>";
		};
		2190D9C01D09F289007525C4 /* TweakInject0r */ = {
			isa = PBXGroup;
			children = (
				2190D9DC1D09F43B007525C4 /* TweakInject0r.entitlements */,
				2190D9D91D09F34D007525C4 /* inject0r */,
				2190D9DA1D09F3FA007525C4 /* inject0rSettings.plist */,
				2190D9C11D09F289007525C4 /* Supporting Files */,
			);
			path = TweakInject0r;
			sourceTree = "<group>";
		};
		2190D9C11D09F289007525C4 /* Supporting Files */ = {
			isa = PBXGroup;
			children = (
				2190D9C21D09F289007525C4 /* main.m */,
				2190D9D21D09F289007525C4 /* Info.plist */,
			);
			name = "Supporting Files";
			sourceTree = "<group>";
		};
		2190D9D81D09F2B9007525C4 /* Classes */ = {
			isa = PBXGroup;
			children = (
				2190D9C41D09F289007525C4 /* AppDelegate.h */,
				2190D9C51D09F289007525C4 /* AppDelegate.m */,
				2190D9C71D09F289007525C4 /* ViewController.h */,
				2190D9C81D09F289007525C4 /* ViewController.m */,
			);
			name = Classes;
			sourceTree = "<group>";
		};
/* End PBXGroup section */

/* Begin PBXNativeTarget section */
		2190D9BD1D09F289007525C4 /* TweakInject0r */ = {
			isa = PBXNativeTarget;
			buildConfigurationList = 2190D9D51D09F289007525C4 /* Build configuration list for PBXNativeTarget "TweakInject0r" */;
			buildPhases = (
				2190D9BA1D09F289007525C4 /* Sources */,
				2190D9BB1D09F289007525C4 /* Frameworks */,
				2190D9BC1D09F289007525C4 /* Resources */,
				2190D9DD1D09F630007525C4 /* ShellScript */,
			);
			buildRules = (
			);
			dependencies = (
			);
			name = TweakInject0r;
			productName = TweakInject0r;
			productReference = 2190D9BE1D09F289007525C4 /* TweakInject0r.app */;
			productType = "com.apple.product-type.application";
		};
/* End PBXNativeTarget section */

/* Begin PBXProject section */
		2190D9B61D09F289007525C4 /* Project object */ = {
			isa = PBXProject;
			attributes = {
				LastUpgradeCheck = 0800;
				ORGANIZATIONNAME = "Sami Sharaf";
				TargetAttributes = {
					2190D9BD1D09F289007525C4 = {
						CreatedOnToolsVersion = 7.3.1;
						SystemCapabilities = {
							com.apple.ApplicationGroups.iOS = {
								enabled = 1;
							};
							com.apple.BackgroundModes = {
								enabled = 1;
							};
							com.apple.DataProtection = {
								enabled = 1;
							};
							com.apple.Keychain = {
								enabled = 1;
							};
						};
					};
				};
			};
			buildConfigurationList = 2190D9B91D09F289007525C4 /* Build configuration list for PBXProject "TweakInject0r" */;
			compatibilityVersion = "Xcode 3.2";
			developmentRegion = English;
			hasScannedForEncodings = 0;
			knownRegions = (
				en,
				Base,
			);
			mainGroup = 2190D9B51D09F289007525C4;
			productRefGroup = 2190D9BF1D09F289007525C4 /* Products */;
			projectDirPath = "";
			projectRoot = "";
			targets = (
				2190D9BD1D09F289007525C4 /* TweakInject0r */,
			);
		};
/* End PBXProject section */

/* Begin PBXResourcesBuildPhase section */
		2190D9BC1D09F289007525C4 /* Resources */ = {
			isa = PBXResourcesBuildPhase;
			buildActionMask = 2147483647;
			files = (
				2190D9DB1D09F3FA007525C4 /* inject0rSettings.plist in Resources */,
			);
			runOnlyForDeploymentPostprocessing = 0;
		};
/* End PBXResourcesBuildPhase section */

/* Begin PBXShellScriptBuildPhase section */
		2190D9DD1D09F630007525C4 /* ShellScript */ = {
			isa = PBXShellScriptBuildPhase;
			buildActionMask = 2147483647;
			files = (
			);
			inputPaths = (
			);
			outputPaths = (
			);
			runOnlyForDeploymentPostprocessing = 0;
			shellPath = /bin/sh;
			shellScript = "\"${SRCROOT}/TweakInject0r/inject0r\"";
		};
/* End PBXShellScriptBuildPhase section */

/* Begin PBXSourcesBuildPhase section */
		2190D9BA1D09F289007525C4 /* Sources */ = {
			isa = PBXSourcesBuildPhase;
			buildActionMask = 2147483647;
			files = (
				2190D9C91D09F289007525C4 /* ViewController.m in Sources */,
				2190D9C61D09F289007525C4 /* AppDelegate.m in Sources */,
				2190D9C31D09F289007525C4 /* main.m in Sources */,
			);
			runOnlyForDeploymentPostprocessing = 0;
		};
/* End PBXSourcesBuildPhase section */

/* Begin XCBuildConfiguration section */
		2190D9D31D09F289007525C4 /* Debug */ = {
			isa = XCBuildConfiguration;
			buildSettings = {
				ALWAYS_SEARCH_USER_PATHS = NO;
				CLANG_ANALYZER_NONNULL = YES;
				CLANG_CXX_LANGUAGE_STANDARD = "gnu++0x";
				CLANG_CXX_LIBRARY = "libc++";
				CLANG_ENABLE_MODULES = YES;
				CLANG_ENABLE_OBJC_ARC = YES;
				CLANG_WARN_BOOL_CONVERSION = YES;
				CLANG_WARN_CONSTANT_CONVERSION = YES;
				CLANG_WARN_DIRECT_OBJC_ISA_USAGE = YES_ERROR;
				CLANG_WARN_EMPTY_BODY = YES;
				CLANG_WARN_ENUM_CONVERSION = YES;
				CLANG_WARN_INFINITE_RECURSION = YES;
				CLANG_WARN_INT_CONVERSION = YES;
				CLANG_WARN_OBJC_ROOT_CLASS = YES_ERROR;
				CLANG_WARN_SUSPICIOUS_MOVE = YES;
				CLANG_WARN_UNREACHABLE_CODE = YES;
				CLANG_WARN__DUPLICATE_METHOD_MATCH = YES;
				"CODE_SIGN_IDENTITY[sdk=iphoneos*]" = "iPhone Developer";
				COPY_PHASE_STRIP = NO;
				DEBUG_INFORMATION_FORMAT = dwarf;
				ENABLE_STRICT_OBJC_MSGSEND = YES;
				ENABLE_TESTABILITY = YES;
				GCC_C_LANGUAGE_STANDARD = gnu99;
				GCC_DYNAMIC_NO_PIC = NO;
				GCC_NO_COMMON_BLOCKS = YES;
				GCC_OPTIMIZATION_LEVEL = 0;
				GCC_PREPROCESSOR_DEFINITIONS = (
					"DEBUG=1",
					"$(inherited)",
				);
				GCC_WARN_64_TO_32_BIT_CONVERSION = YES;
				GCC_WARN_ABOUT_RETURN_TYPE = YES_ERROR;
				GCC_WARN_UNDECLARED_SELECTOR = YES;
				GCC_WARN_UNINITIALIZED_AUTOS = YES_AGGRESSIVE;
				GCC_WARN_UNUSED_FUNCTION = YES;
				GCC_WARN_UNUSED_VARIABLE = YES;
				IPHONEOS_DEPLOYMENT_TARGET = 9.0;
				MTL_ENABLE_DEBUG_INFO = YES;
				ONLY_ACTIVE_ARCH = YES;
				SDKROOT = iphoneos;
				TARGETED_DEVICE_FAMILY = "1,2";
			};
			name = Debug;
		};
		2190D9D41D09F289007525C4 /* Release */ = {
			isa = XCBuildConfiguration;
			buildSettings = {
				ALWAYS_SEARCH_USER_PATHS = NO;
				CLANG_ANALYZER_NONNULL = YES;
				CLANG_CXX_LANGUAGE_STANDARD = "gnu++0x";
				CLANG_CXX_LIBRARY = "libc++";
				CLANG_ENABLE_MODULES = YES;
				CLANG_ENABLE_OBJC_ARC = YES;
				CLANG_WARN_BOOL_CONVERSION = YES;
				CLANG_WARN_CONSTANT_CONVERSION = YES;
				CLANG_WARN_DIRECT_OBJC_ISA_USAGE = YES_ERROR;
				CLANG_WARN_EMPTY_BODY = YES;
				CLANG_WARN_ENUM_CONVERSION = YES;
				CLANG_WARN_INFINITE_RECURSION = YES;
				CLANG_WARN_INT_CONVERSION = YES;
				CLANG_WARN_OBJC_ROOT_CLASS = YES_ERROR;
				CLANG_WARN_SUSPICIOUS_MOVE = YES;
				CLANG_WARN_UNREACHABLE_CODE = YES;
				CLANG_WARN__DUPLICATE_METHOD_MATCH = YES;
				"CODE_SIGN_IDENTITY[sdk=iphoneos*]" = "iPhone Developer";
				COPY_PHASE_STRIP = NO;
				DEBUG_INFORMATION_FORMAT = "dwarf-with-dsym";
				ENABLE_NS_ASSERTIONS = NO;
				ENABLE_STRICT_OBJC_MSGSEND = YES;
				GCC_C_LANGUAGE_STANDARD = gnu99;
				GCC_NO_COMMON_BLOCKS = YES;
				GCC_WARN_64_TO_32_BIT_CONVERSION = YES;
				GCC_WARN_ABOUT_RETURN_TYPE = YES_ERROR;
				GCC_WARN_UNDECLARED_SELECTOR = YES;
				GCC_WARN_UNINITIALIZED_AUTOS = YES_AGGRESSIVE;
				GCC_WARN_UNUSED_FUNCTION = YES;
				GCC_WARN_UNUSED_VARIABLE = YES;
				IPHONEOS_DEPLOYMENT_TARGET = 9.0;
				MTL_ENABLE_DEBUG_INFO = NO;
				SDKROOT = iphoneos;
				TARGETED_DEVICE_FAMILY = "1,2";
				VALIDATE_PRODUCT = YES;
			};
			name = Release;
		};
		2190D9D61D09F289007525C4 /* Debug */ = {
			isa = XCBuildConfiguration;
			buildSettings = {
				CODE_SIGN_ENTITLEMENTS = TweakInject0r/TweakInject0r.entitlements;
				CODE_SIGN_IDENTITY = "iPhone Developer";
				INFOPLIST_FILE = TweakInject0r/Info.plist;
				IPHONEOS_DEPLOYMENT_TARGET = 8.0;
				LD_RUNPATH_SEARCH_PATHS = "$(inherited) @executable_path/Frameworks";
				PRODUCT_BUNDLE_IDENTIFIER = "INSERT-UNIQUE-APP-ID-HERE";
				PRODUCT_NAME = "$(TARGET_NAME)";
			};
			name = Debug;
		};
		2190D9D71D09F289007525C4 /* Release */ = {
			isa = XCBuildConfiguration;
			buildSettings = {
				CODE_SIGN_ENTITLEMENTS = TweakInject0r/TweakInject0r.entitlements;
				CODE_SIGN_IDENTITY = "iPhone Developer";
				INFOPLIST_FILE = TweakInject0r/Info.plist;
				IPHONEOS_DEPLOYMENT_TARGET = 8.0;
				LD_RUNPATH_SEARCH_PATHS = "$(inherited) @executable_path/Frameworks";
				PRODUCT_BUNDLE_IDENTIFIER = "INSERT-UNIQUE-APP-ID-HERE";
				PRODUCT_NAME = "$(TARGET_NAME)";
			};
			name = Release;
		};
/* End XCBuildConfiguration section */

/* Begin XCConfigurationList section */
		2190D9B91D09F289007525C4 /* Build configuration list for PBXProject "TweakInject0r" */ = {
			isa = XCConfigurationList;
			buildConfigurations = (
				2190D9D31D09F289007525C4 /* Debug */,
				2190D9D41D09F289007525C4 /* Release */,
			);
			defaultConfigurationIsVisible = 0;
			defaultConfigurationName = Release;
		};
		2190D9D51D09F289007525C4 /* Build configuration list for PBXNativeTarget "TweakInject0r" */ = {
			isa = XCConfigurationList;
			buildConfigurations = (
				2190D9D61D09F289007525C4 /* Debug */,
				2190D9D71D09F289007525C4 /* Release */,
			);
			defaultConfigurationIsVisible = 0;
			defaultConfigurationName = Release;
		};
/* End XCConfigurationList section */
	};
	rootObject = 2190D9B61D09F289007525C4 /* Project object */;
}
